
Microsoft Visual Studio Solution File, Format Version 12.00
# Visual Studio Version 17
VisualStudioVersion = 17.3.32901.215
MinimumVisualStudioVersion = 10.0.40219.1
Project("{FAE04EC0-301F-11D3-BF4B-00C04F79EFBC}") = "eTickets", "eTickets\eTickets.csproj", "{EABC8322-5C72-483A-8B42-0AB5EEF8EB22}"
EndProject
Global
	GlobalSection(SolutionConfigurationPlatforms) = preSolution
		Debug|Any CPU = Debug|Any CPU
		Release|Any CPU = Release|Any CPU
	EndGlobalSection
	GlobalSection(ProjectConfigurationPlatforms) = postSolution
		{EABC8322-5C72-483A-8B42-0AB5EEF8EB22}.Debug|Any CPU.ActiveCfg = Debug|Any CPU
		{EABC8322-5C72-483A-8B42-0AB5EEF8EB22}.Debug|Any CPU.Build.0 = Debug|Any CPU
		{EABC8322-5C72-483A-8B42-0AB5EEF8EB22}.Release|Any CPU.ActiveCfg = Release|Any CPU
		{EABC8322-5C72-483A-8B42-0AB5EEF8EB22}.Release|Any CPU.Build.0 = Release|Any CPU
	EndGlobalSection
	GlobalSection(SolutionProperties) = preSolution
		HideSolutionNode = FALSE
	EndGlobalSection
	GlobalSection(ExtensibilityGlobals) = postSolution
		SolutionGuid = {D612B469-4DF1-4045-9074-A7D4C42586D5}
	EndGlobalSection
EndGlobal
